
Microsoft Visual Studio Solution File, Format Version 12.00
# Visual Studio Version 17
VisualStudioVersion = 17.14.36511.14 d17.14
MinimumVisualStudioVersion = 10.0.40219.1
Project("{FAE04EC0-301F-11D3-BF4B-00C04F79EFBC}") = "OPERACIONES EN UNA MATRIZ", "OPERACIONES EN UNA MATRIZ\OPERACIONES EN UNA MATRIZ.csproj", "{96880805-38DD-45E6-A19D-40283C46E3C1}"
EndProject
Global
	GlobalSection(SolutionConfigurationPlatforms) = preSolution
		Debug|Any CPU = Debug|Any CPU
		Release|Any CPU = Release|Any CPU
	EndGlobalSection
	GlobalSection(ProjectConfigurationPlatforms) = postSolution
		{96880805-38DD-45E6-A19D-40283C46E3C1}.Debug|Any CPU.ActiveCfg = Debug|Any CPU
		{96880805-38DD-45E6-A19D-40283C46E3C1}.Debug|Any CPU.Build.0 = Debug|Any CPU
		{96880805-38DD-45E6-A19D-40283C46E3C1}.Release|Any CPU.ActiveCfg = Release|Any CPU
		{96880805-38DD-45E6-A19D-40283C46E3C1}.Release|Any CPU.Build.0 = Release|Any CPU
	EndGlobalSection
	GlobalSection(SolutionProperties) = preSolution
		HideSolutionNode = FALSE
	EndGlobalSection
	GlobalSection(ExtensibilityGlobals) = postSolution
		SolutionGuid = {8C402C46-E9DB-4FF0-896D-F511496B9FFC}
	EndGlobalSection
EndGlobal
